
Microsoft Visual Studio Solution File, Format Version 12.00
Project("{FAE04EC0-301F-11D3-BF4B-00C04F79EFBC}") = "BlazorApp1", "SEP3_T1_BlazerUI\BlazorApp1\BlazorApp1.csproj", "{9FE5E668-50B8-4988-9200-A43C41C56C4C}"
EndProject
Project("{FAE04EC0-301F-11D3-BF4B-00C04F79EFBC}") = "DTOs", "CSMiddleware\Shared\DTOs\DTOs.csproj", "{3203AB2D-89F6-4BED-A0F2-CB9A3CB083CE}"
EndProject
Project("{FAE04EC0-301F-11D3-BF4B-00C04F79EFBC}") = "API", "CSMiddleware\Server\API\API.csproj", "{2539DC56-6F08-4105-90CB-4147FBCEBE4E}"
EndProject
Project("{FAE04EC0-301F-11D3-BF4B-00C04F79EFBC}") = "Model", "CSMiddleware\Server\Model\Model.csproj", "{0C0D9DCA-E1E6-4978-B47F-53D073CBB3E2}"
EndProject
Global
	GlobalSection(SolutionConfigurationPlatforms) = preSolution
		Debug|Any CPU = Debug|Any CPU
		Release|Any CPU = Release|Any CPU
	EndGlobalSection
	GlobalSection(ProjectConfigurationPlatforms) = postSolution
		{9FE5E668-50B8-4988-9200-A43C41C56C4C}.Debug|Any CPU.ActiveCfg = Debug|Any CPU
		{9FE5E668-50B8-4988-9200-A43C41C56C4C}.Debug|Any CPU.Build.0 = Debug|Any CPU
		{9FE5E668-50B8-4988-9200-A43C41C56C4C}.Release|Any CPU.ActiveCfg = Release|Any CPU
		{9FE5E668-50B8-4988-9200-A43C41C56C4C}.Release|Any CPU.Build.0 = Release|Any CPU
		{3203AB2D-89F6-4BED-A0F2-CB9A3CB083CE}.Debug|Any CPU.ActiveCfg = Debug|Any CPU
		{3203AB2D-89F6-4BED-A0F2-CB9A3CB083CE}.Debug|Any CPU.Build.0 = Debug|Any CPU
		{3203AB2D-89F6-4BED-A0F2-CB9A3CB083CE}.Release|Any CPU.ActiveCfg = Release|Any CPU
		{3203AB2D-89F6-4BED-A0F2-CB9A3CB083CE}.Release|Any CPU.Build.0 = Release|Any CPU
		{2539DC56-6F08-4105-90CB-4147FBCEBE4E}.Debug|Any CPU.ActiveCfg = Debug|Any CPU
		{2539DC56-6F08-4105-90CB-4147FBCEBE4E}.Debug|Any CPU.Build.0 = Debug|Any CPU
		{2539DC56-6F08-4105-90CB-4147FBCEBE4E}.Release|Any CPU.ActiveCfg = Release|Any CPU
		{2539DC56-6F08-4105-90CB-4147FBCEBE4E}.Release|Any CPU.Build.0 = Release|Any CPU
		{0C0D9DCA-E1E6-4978-B47F-53D073CBB3E2}.Debug|Any CPU.ActiveCfg = Debug|Any CPU
		{0C0D9DCA-E1E6-4978-B47F-53D073CBB3E2}.Debug|Any CPU.Build.0 = Debug|Any CPU
		{0C0D9DCA-E1E6-4978-B47F-53D073CBB3E2}.Release|Any CPU.ActiveCfg = Release|Any CPU
		{0C0D9DCA-E1E6-4978-B47F-53D073CBB3E2}.Release|Any CPU.Build.0 = Release|Any CPU
	EndGlobalSection
EndGlobal
